{
  "name": "pwa-keep-screen-on",
  "version": "1.0.0",
  "lockfileVersion": 1,
  "requires": true,
  "dependencies": {
    "nosleep.js": {
      "version": "0.9.0",
      "resolved": "https://registry.npmjs.org/nosleep.js/-/nosleep.js-0.9.0.tgz",
      "integrity": "sha512-qLOl2MmuGOPZY7Exi0kYJSCr2e9IcAtOykOo7hXUGAoaMC1Iqj0m+Aj2REuay68mDkhbc5CoA4ccUvcZI175Kw=="
    }
  }
}
